
Microsoft Visual Studio Solution File, Format Version 12.00
# Visual Studio Version 17
VisualStudioVersion = 17.13.35818.85 d17.13
MinimumVisualStudioVersion = 10.0.40219.1
Project("{FAE04EC0-301F-11D3-BF4B-00C04F79EFBC}") = "Calculadora.App", "ProjetoCalculadora\Calculadora.App.csproj", "{46F00CDE-5680-45A3-A08F-E0A83C519FEA}"
EndProject
Project("{FAE04EC0-301F-11D3-BF4B-00C04F79EFBC}") = "Calculadora.Test", "Calculadora.Test\Calculadora.Test.csproj", "{58AC853E-6AD9-4D8E-86D7-AD9D037803D4}"
EndProject
Global
	GlobalSection(SolutionConfigurationPlatforms) = preSolution
		Debug|Any CPU = Debug|Any CPU
		Release|Any CPU = Release|Any CPU
	EndGlobalSection
	GlobalSection(ProjectConfigurationPlatforms) = postSolution
		{46F00CDE-5680-45A3-A08F-E0A83C519FEA}.Debug|Any CPU.ActiveCfg = Debug|Any CPU
		{46F00CDE-5680-45A3-A08F-E0A83C519FEA}.Debug|Any CPU.Build.0 = Debug|Any CPU
		{46F00CDE-5680-45A3-A08F-E0A83C519FEA}.Release|Any CPU.ActiveCfg = Release|Any CPU
		{46F00CDE-5680-45A3-A08F-E0A83C519FEA}.Release|Any CPU.Build.0 = Release|Any CPU
		{58AC853E-6AD9-4D8E-86D7-AD9D037803D4}.Debug|Any CPU.ActiveCfg = Debug|Any CPU
		{58AC853E-6AD9-4D8E-86D7-AD9D037803D4}.Debug|Any CPU.Build.0 = Debug|Any CPU
		{58AC853E-6AD9-4D8E-86D7-AD9D037803D4}.Release|Any CPU.ActiveCfg = Release|Any CPU
		{58AC853E-6AD9-4D8E-86D7-AD9D037803D4}.Release|Any CPU.Build.0 = Release|Any CPU
	EndGlobalSection
	GlobalSection(SolutionProperties) = preSolution
		HideSolutionNode = FALSE
	EndGlobalSection
	GlobalSection(ExtensibilityGlobals) = postSolution
		SolutionGuid = {16E11769-EF0E-4B42-B06F-6C54EA04DD0B}
	EndGlobalSection
EndGlobal
